
Microsoft Visual Studio Solution File, Format Version 12.00
# Visual Studio Version 16
VisualStudioVersion = 16.0.31729.503
MinimumVisualStudioVersion = 10.0.40219.1
Project("{FAE04EC0-301F-11D3-BF4B-00C04F79EFBC}") = "EmployeeWageCalculaton", "EmployeeWageCalculaton.csproj", "{7667F30B-AF22-4960-8AB4-5F62EBE10D84}"
EndProject
Global
	GlobalSection(SolutionConfigurationPlatforms) = preSolution
		Debug|Any CPU = Debug|Any CPU
		Release|Any CPU = Release|Any CPU
	EndGlobalSection
	GlobalSection(ProjectConfigurationPlatforms) = postSolution
		{7667F30B-AF22-4960-8AB4-5F62EBE10D84}.Debug|Any CPU.ActiveCfg = Debug|Any CPU
		{7667F30B-AF22-4960-8AB4-5F62EBE10D84}.Debug|Any CPU.Build.0 = Debug|Any CPU
		{7667F30B-AF22-4960-8AB4-5F62EBE10D84}.Release|Any CPU.ActiveCfg = Release|Any CPU
		{7667F30B-AF22-4960-8AB4-5F62EBE10D84}.Release|Any CPU.Build.0 = Release|Any CPU
	EndGlobalSection
	GlobalSection(SolutionProperties) = preSolution
		HideSolutionNode = FALSE
	EndGlobalSection
	GlobalSection(ExtensibilityGlobals) = postSolution
		SolutionGuid = {3C78D9D8-1567-4FCC-91E4-06133E302E32}
	EndGlobalSection
EndGlobal
